// !$*UTF8*$!
{
	archiveVersion = 1;
	classes = {
	};
	objectVersion = 46;
	objects = {

/* Begin PBXBuildFile section */
		CA037DBC1DA818D500109A9B /* AppDelegate.swift in Sources */ = {isa = PBXBuildFile; fileRef = CA037DBB1DA818D500109A9B /* AppDelegate.swift */; };
		CA037DBE1DA818D500109A9B /* ViewController.swift in Sources */ = {isa = PBXBuildFile; fileRef = CA037DBD1DA818D500109A9B /* ViewController.swift */; };
		CA037DC11DA818D500109A9B /* Main.storyboard in Resources */ = {isa = PBXBuildFile; fileRef = CA037DBF1DA818D500109A9B /* Main.storyboard */; };
		CA037DC31DA818D500109A9B /* Assets.xcassets in Resources */ = {isa = PBXBuildFile; fileRef = CA037DC21DA818D500109A9B /* Assets.xcassets */; };
		CA037DC61DA818D500109A9B /* LaunchScreen.storyboard in Resources */ = {isa = PBXBuildFile; fileRef = CA037DC41DA818D500109A9B /* LaunchScreen.storyboard */; };
/* End PBXBuildFile section */

/* Begin PBXFileReference section */
		CA037DB81DA818D500109A9B /* IndicatorviewTest.app */ = {isa = PBXFileReference; explicitFileType = wrapper.application; includeInIndex = 0; path = IndicatorviewTest.app; sourceTree = BUILT_PRODUCTS_DIR; };
		CA037DBB1DA818D500109A9B /* AppDelegate.swift */ = {isa = PBXFileReference; lastKnownFileType = sourcecode.swift; path = AppDelegate.swift; sourceTree = "<group>"; };
		CA037DBD1DA818D500109A9B /* ViewController.swift */ = {isa = PBXFileReference; lastKnownFileType = sourcecode.swift; path = ViewController.swift; sourceTree = "<group>"; };
		CA037DC01DA818D500109A9B /* Base */ = {isa = PBXFileReference; lastKnownFileType = file.storyboard; name = Base; path = Base.lproj/Main.storyboard; sourceTree = "<group>"; };
		CA037DC21DA818D500109A9B /* Assets.xcassets */ = {isa = PBXFileReference; lastKnownFileType = folder.assetcatalog; path = Assets.xcassets; sourceTree = "<group>"; };
		CA037DC51DA818D500109A9B /* Base */ = {isa = PBXFileReference; lastKnownFileType = file.storyboard; name = Base; path = Base.lproj/LaunchScreen.storyboard; sourceTree = "<group>"; };
		CA037DC71DA818D500109A9B /* Info.plist */ = {isa = PBXFileReference; lastKnownFileType = text.plist.xml; path = Info.plist; sourceTree = "<group>"; };
/* End PBXFileReference section */

/* Begin PBXFrameworksBuildPhase section */
		CA037DB51DA818D500109A9B /* Frameworks */ = {
			isa = PBXFrameworksBuildPhase;
			buildActionMask = 2147483647;
			files = (
			);
			runOnlyForDeploymentPostprocessing = 0;
		};
/* End PBXFrameworksBuildPhase section */

/* Begin PBXGroup section */
		CA037DAF1DA818D500109A9B = {
			isa = PBXGroup;
			children = (
				CA037DBA1DA818D500109A9B /* IndicatorviewTest */,
				CA037DB91DA818D500109A9B /* Products */,
			);
			sourceTree = "<group>";
		};
		CA037DB91DA818D500109A9B /* Products */ = {
			isa = PBXGroup;
			children = (
				CA037DB81DA818D500109A9B /* IndicatorviewTest.app */,
			);
			name = Products;
			sourceTree = "<group>";
		};
		CA037DBA1DA818D500109A9B /* IndicatorviewTest */ = {
			isa = PBXGroup;
			children = (
				CA037DBB1DA818D500109A9B /* AppDelegate.swift */,
				CA037DBD1DA818D500109A9B /* ViewController.swift */,
				CA037DBF1DA818D500109A9B /* Main.storyboard */,
				CA037DC21DA818D500109A9B /* Assets.xcassets */,
				CA037DC41DA818D500109A9B /* LaunchScreen.storyboard */,
				CA037DC71DA818D500109A9B /* Info.plist */,
			);
			path = IndicatorviewTest;
			sourceTree = "<group>";
		};
/* End PBXGroup section */

/* Begin PBXNativeTarget section */
		CA037DB71DA818D500109A9B /* IndicatorviewTest */ = {
			isa = PBXNativeTarget;
			buildConfigurationList = CA037DCA1DA818D500109A9B /* Build configuration list for PBXNativeTarget "IndicatorviewTest" */;
			buildPhases = (
				CA037DB41DA818D500109A9B /* Sources */,
				CA037DB51DA818D500109A9B /* Frameworks */,
				CA037DB61DA818D500109A9B /* Resources */,
			);
			buildRules = (
			);
			dependencies = (
			);
			name = IndicatorviewTest;
			productName = IndicatorviewTest;
			productReference = CA037DB81DA818D500109A9B /* IndicatorviewTest.app */;
			productType = "com.apple.product-type.application";
		};
/* End PBXNativeTarget section */

/* Begin PBXProject section */
		CA037DB01DA818D500109A9B /* Project object */ = {
			isa = PBXProject;
			attributes = {
				LastSwiftUpdateCheck = 0800;
				LastUpgradeCheck = 0800;
				ORGANIZATIONNAME = ZhongZhongzhong;
				TargetAttributes = {
					CA037DB71DA818D500109A9B = {
						CreatedOnToolsVersion = 8.0;
						ProvisioningStyle = Automatic;
					};
				};
			};
			buildConfigurationList = CA037DB31DA818D500109A9B /* Build configuration list for PBXProject "IndicatorviewTest" */;
			compatibilityVersion = "Xcode 3.2";
			developmentRegion = English;
			hasScannedForEncodings = 0;
			knownRegions = (
				en,
				Base,
			);
			mainGroup = CA037DAF1DA818D500109A9B;
			productRefGroup = CA037DB91DA818D500109A9B /* Products */;
			projectDirPath = "";
			projectRoot = "";
			targets = (
				CA037DB71DA818D500109A9B /* IndicatorviewTest */,
			);
		};
/* End PBXProject section */

/* Begin PBXResourcesBuildPhase section */
		CA037DB61DA818D500109A9B /* Resources */ = {
			isa = PBXResourcesBuildPhase;
			buildActionMask = 2147483647;
			files = (
				CA037DC61DA818D500109A9B /* LaunchScreen.storyboard in Resources */,
				CA037DC31DA818D500109A9B /* Assets.xcassets in Resources */,
				CA037DC11DA818D500109A9B /* Main.storyboard in Resources */,
			);
			runOnlyForDeploymentPostprocessing = 0;
		};
/* End PBXResourcesBuildPhase section */

/* Begin PBXSourcesBuildPhase section */
		CA037DB41DA818D500109A9B /* Sources */ = {
			isa = PBXSourcesBuildPhase;
			buildActionMask = 2147483647;
			files = (
				CA037DBE1DA818D500109A9B /* ViewController.swift in Sources */,
				CA037DBC1DA818D500109A9B /* AppDelegate.swift in Sources */,
			);
			runOnlyForDeploymentPostprocessing = 0;
		};
/* End PBXSourcesBuildPhase section */

/* Begin PBXVariantGroup section */
		CA037DBF1DA818D500109A9B /* Main.storyboard */ = {
			isa = PBXVariantGroup;
			children = (
				CA037DC01DA818D500109A9B /* Base */,
			);
			name = Main.storyboard;
			sourceTree = "<group>";
		};
		CA037DC41DA818D500109A9B /* LaunchScreen.storyboard */ = {
			isa = PBXVariantGroup;
			children = (
				CA037DC51DA818D500109A9B /* Base */,
			);
			name = LaunchScreen.storyboard;
			sourceTree = "<group>";
		};
/* End PBXVariantGroup section */

/* Begin XCBuildConfiguration section */
		CA037DC81DA818D500109A9B /* Debug */ = {
			isa = XCBuildConfiguration;
			buildSettings = {
				ALWAYS_SEARCH_USER_PATHS = NO;
				CLANG_ANALYZER_NONNULL = YES;
				CLANG_CXX_LANGUAGE_STANDARD = "gnu++0x";
				CLANG_CXX_LIBRARY = "libc++";
				CLANG_ENABLE_MODULES = YES;
				CLANG_ENABLE_OBJC_ARC = YES;
				CLANG_WARN_BOOL_CONVERSION = YES;
				CLANG_WARN_CONSTANT_CONVERSION = YES;
				CLANG_WARN_DIRECT_OBJC_ISA_USAGE = YES_ERROR;
				CLANG_WARN_DOCUMENTATION_COMMENTS = YES;
				CLANG_WARN_EMPTY_BODY = YES;
				CLANG_WARN_ENUM_CONVERSION = YES;
				CLANG_WARN_INFINITE_RECURSION = YES;
				CLANG_WARN_INT_CONVERSION = YES;
				CLANG_WARN_OBJC_ROOT_CLASS = YES_ERROR;
				CLANG_WARN_SUSPICIOUS_MOVES = YES;
				CLANG_WARN_UNREACHABLE_CODE = YES;
				CLANG_WARN__DUPLICATE_METHOD_MATCH = YES;
				"CODE_SIGN_IDENTITY[sdk=iphoneos*]" = "iPhone Developer";
				COPY_PHASE_STRIP = NO;
				DEBUG_INFORMATION_FORMAT = dwarf;
				ENABLE_STRICT_OBJC_MSGSEND = YES;
				ENABLE_TESTABILITY = YES;
				GCC_C_LANGUAGE_STANDARD = gnu99;
				GCC_DYNAMIC_NO_PIC = NO;
				GCC_NO_COMMON_BLOCKS = YES;
				GCC_OPTIMIZATION_LEVEL = 0;
				GCC_PREPROCESSOR_DEFINITIONS = (
					"DEBUG=1",
					"$(inherited)",
				);
				GCC_WARN_64_TO_32_BIT_CONVERSION = YES;
				GCC_WARN_ABOUT_RETURN_TYPE = YES_ERROR;
				GCC_WARN_UNDECLARED_SELECTOR = YES;
				GCC_WARN_UNINITIALIZED_AUTOS = YES_AGGRESSIVE;
				GCC_WARN_UNUSED_FUNCTION = YES;
				GCC_WARN_UNUSED_VARIABLE = YES;
				IPHONEOS_DEPLOYMENT_TARGET = 10.0;
				MTL_ENABLE_DEBUG_INFO = YES;
				ONLY_ACTIVE_ARCH = YES;
				SDKROOT = iphoneos;
				SWIFT_ACTIVE_COMPILATION_CONDITIONS = DEBUG;
				SWIFT_OPTIMIZATION_LEVEL = "-Onone";
				TARGETED_DEVICE_FAMILY = "1,2";
			};
			name = Debug;
		};
		CA037DC91DA818D500109A9B /* Release */ = {
			isa = XCBuildConfiguration;
			buildSettings = {
				ALWAYS_SEARCH_USER_PATHS = NO;
				CLANG_ANALYZER_NONNULL = YES;
				CLANG_CXX_LANGUAGE_STANDARD = "gnu++0x";
				CLANG_CXX_LIBRARY = "libc++";
				CLANG_ENABLE_MODULES = YES;
				CLANG_ENABLE_OBJC_ARC = YES;
				CLANG_WARN_BOOL_CONVERSION = YES;
				CLANG_WARN_CONSTANT_CONVERSION = YES;
				CLANG_WARN_DIRECT_OBJC_ISA_USAGE = YES_ERROR;
				CLANG_WARN_DOCUMENTATION_COMMENTS = YES;
				CLANG_WARN_EMPTY_BODY = YES;
				CLANG_WARN_ENUM_CONVERSION = YES;
				CLANG_WARN_INFINITE_RECURSION = YES;
				CLANG_WARN_INT_CONVERSION = YES;
				CLANG_WARN_OBJC_ROOT_CLASS = YES_ERROR;
				CLANG_WARN_SUSPICIOUS_MOVES = YES;
				CLANG_WARN_UNREACHABLE_CODE = YES;
				CLANG_WARN__DUPLICATE_METHOD_MATCH = YES;
				"CODE_SIGN_IDENTITY[sdk=iphoneos*]" = "iPhone Developer";
				COPY_PHASE_STRIP = NO;
				DEBUG_INFORMATION_FORMAT = "dwarf-with-dsym";
				ENABLE_NS_ASSERTIONS = NO;
				ENABLE_STRICT_OBJC_MSGSEND = YES;
				GCC_C_LANGUAGE_STANDARD = gnu99;
				GCC_NO_COMMON_BLOCKS = YES;
				GCC_WARN_64_TO_32_BIT_CONVERSION = YES;
				GCC_WARN_ABOUT_RETURN_TYPE = YES_ERROR;
				GCC_WARN_UNDECLARED_SELECTOR = YES;
				GCC_WARN_UNINITIALIZED_AUTOS = YES_AGGRESSIVE;
				GCC_WARN_UNUSED_FUNCTION = YES;
				GCC_WARN_UNUSED_VARIABLE = YES;
				IPHONEOS_DEPLOYMENT_TARGET = 10.0;
				MTL_ENABLE_DEBUG_INFO = NO;
				SDKROOT = iphoneos;
				SWIFT_OPTIMIZATION_LEVEL = "-Owholemodule";
				TARGETED_DEVICE_FAMILY = "1,2";
				VALIDATE_PRODUCT = YES;
			};
			name = Release;
		};
		CA037DCB1DA818D500109A9B /* Debug */ = {
			isa = XCBuildConfiguration;
			buildSettings = {
				ASSETCATALOG_COMPILER_APPICON_NAME = AppIcon;
				INFOPLIST_FILE = IndicatorviewTest/Info.plist;
				LD_RUNPATH_SEARCH_PATHS = "$(inherited) @executable_path/Frameworks";
				PRODUCT_BUNDLE_IDENTIFIER = com.example.IndicatorviewTest;
				PRODUCT_NAME = "$(TARGET_NAME)";
				SWIFT_VERSION = 3.0;
			};
			name = Debug;
		};
		CA037DCC1DA818D500109A9B /* Release */ = {
			isa = XCBuildConfiguration;
			buildSettings = {
				ASSETCATALOG_COMPILER_APPICON_NAME = AppIcon;
				INFOPLIST_FILE = IndicatorviewTest/Info.plist;
				LD_RUNPATH_SEARCH_PATHS = "$(inherited) @executable_path/Frameworks";
				PRODUCT_BUNDLE_IDENTIFIER = com.example.IndicatorviewTest;
				PRODUCT_NAME = "$(TARGET_NAME)";
				SWIFT_VERSION = 3.0;
			};
			name = Release;
		};
/* End XCBuildConfiguration section */

/* Begin XCConfigurationList section */
		CA037DB31DA818D500109A9B /* Build configuration list for PBXProject "IndicatorviewTest" */ = {
			isa = XCConfigurationList;
			buildConfigurations = (
				CA037DC81DA818D500109A9B /* Debug */,
				CA037DC91DA818D500109A9B /* Release */,
			);
			defaultConfigurationIsVisible = 0;
			defaultConfigurationName = Release;
		};
		CA037DCA1DA818D500109A9B /* Build configuration list for PBXNativeTarget "IndicatorviewTest" */ = {
			isa = XCConfigurationList;
			buildConfigurations = (
				CA037DCB1DA818D500109A9B /* Debug */,
				CA037DCC1DA818D500109A9B /* Release */,
			);
			defaultConfigurationIsVisible = 0;
		};
/* End XCConfigurationList section */
	};
	rootObject = CA037DB01DA818D500109A9B /* Project object */;
}
